hash: 7e520faf5a0bdc6891ba04247e96614d8c87c802d0599ad4f45522ff62d813b4
updated: 2019-03-14T04:46:32.980360931Z
imports:
- name: github.com/google/go-github
  version: 7462feb2032c2da9e3b85e9b04e6853a6e9e14ca
- name: github.com/theonlyjohnny/jogger-go
  version: 375491685c67c25f620fba68802a5cdc100ed3d1
- name: golang.org/x/oauth2
  version: e64efc72b421e893cbf63f17ba2221e7d6d0b0f3
testImports: []
