# This file is autogenerated, do not edit; changes may be undone by the next 'dep ensure'.


[[projects]]
  name = "github.com/fatih/color"
  packages = ["."]
  revision = "5b77d2a35fb0ede96d138fc9a99f5c9b6aef11b4"
  version = "v1.7.0"

[[projects]]
  branch = "master"
  name = "github.com/golang/protobuf"
  packages = ["proto"]
  revision = "b5d812f8a3706043e23a9cd5babf2e5423744d30"

[[projects]]
  name = "github.com/google/go-github"
  packages = ["github"]
  revision = "7462feb2032c2da9e3b85e9b04e6853a6e9e14ca"
  version = "v24.0.1"

[[projects]]
  name = "github.com/google/go-querystring"
  packages = ["query"]
  revision = "44c6ddd0a2342c386950e880b658017258da92fc"
  version = "v1.0.0"

[[projects]]
  name = "github.com/konsorten/go-windows-terminal-sequences"
  packages = ["."]
  revision = "f55edac94c9bbba5d6182a4be46d86a2c9b5b50e"
  version = "v1.0.2"

[[projects]]
  name = "github.com/mattn/go-colorable"
  packages = ["."]
  revision = "167de6bfdfba052fa6b2d3664c8f5272e23c9072"
  version = "v0.0.9"

[[projects]]
  name = "github.com/mattn/go-isatty"
  packages = ["."]
  revision = "369ecd8cea9851e459abb67eb171853e3986591e"
  version = "v0.0.6"

[[projects]]
  branch = "master"
  name = "github.com/mitchellh/colorstring"
  packages = ["."]
  revision = "d06e56a500db4d08c33db0b79461e7c9beafca2d"

[[projects]]
  name = "github.com/schollz/progressbar"
  packages = ["."]
  revision = "7e454dc2feeda365f844b5f43a21f4a260a23136"
  version = "v2.10.0"

[[projects]]
  name = "github.com/sirupsen/logrus"
  packages = [".","hooks/syslog"]
  revision = "dae0fa8d5b0c810a8ab733fbd5510c7cae84eca4"
  version = "v1.4.0"

[[projects]]
  name = "github.com/theonlyjohnny/jogger-go"
  packages = ["logger"]
  revision = "375491685c67c25f620fba68802a5cdc100ed3d1"
  version = "v1.1.1"

[[projects]]
  name = "golang.org/x/crypto"
  packages = ["ssh/terminal"]
  revision = "c2843e01d9a2bc60bb26ad24e09734fdc2d9ec58"

[[projects]]
  branch = "master"
  name = "golang.org/x/net"
  packages = ["context","context/ctxhttp"]
  revision = "9f648a60d9775ef5c977e7669d1673a7a67bef33"

[[projects]]
  branch = "master"
  name = "golang.org/x/oauth2"
  packages = [".","internal"]
  revision = "e64efc72b421e893cbf63f17ba2221e7d6d0b0f3"

[[projects]]
  name = "golang.org/x/sys"
  packages = ["unix","windows"]
  revision = "584f3b12f43e1e55248c90e84804777009eed0a4"

[[projects]]
  branch = "master"
  name = "google.golang.org/appengine"
  packages = ["internal","internal/base","internal/datastore","internal/log","internal/remote_api","internal/urlfetch","urlfetch"]
  revision = "54a98f90d1c46b7731eb8fb305d2a321c30ef610"

[solve-meta]
  analyzer-name = "dep"
  analyzer-version = 1
  inputs-digest = "8ae23b845638d66146b77b5dc4c8ad6bc7dcce3e2c55e1a6448c8aec5ed49874"
  solver-name = "gps-cdcl"
  solver-version = 1
